
Microsoft Visual Studio Solution File, Format Version 12.00
# Visual Studio 2013
VisualStudioVersion = 12.0.40629.0
MinimumVisualStudioVersion = 10.0.40219.1
Project("{FAE04EC0-301F-11D3-BF4B-00C04F79EFBC}") = "CompareAdvancedMaths", "CompareAdvancedMaths\CompareAdvancedMaths.csproj", "{41359853-CB01-48CB-BA07-DF55FCAA6C1E}"
EndProject
Project("{FAE04EC0-301F-11D3-BF4B-00C04F79EFBC}") = "CompareSimpleMathOperations", "CompareSimpleMathOperations\CompareSimpleMathOperations.csproj", "{D6ED3451-B373-451F-90FE-57BDD7C8AF61}"
EndProject
Global
	GlobalSection(SolutionConfigurationPlatforms) = preSolution
		Debug|Any CPU = Debug|Any CPU
		Release|Any CPU = Release|Any CPU
	EndGlobalSection
	GlobalSection(ProjectConfigurationPlatforms) = postSolution
		{41359853-CB01-48CB-BA07-DF55FCAA6C1E}.Debug|Any CPU.ActiveCfg = Debug|Any CPU
		{41359853-CB01-48CB-BA07-DF55FCAA6C1E}.Debug|Any CPU.Build.0 = Debug|Any CPU
		{41359853-CB01-48CB-BA07-DF55FCAA6C1E}.Release|Any CPU.ActiveCfg = Release|Any CPU
		{41359853-CB01-48CB-BA07-DF55FCAA6C1E}.Release|Any CPU.Build.0 = Release|Any CPU
		{D6ED3451-B373-451F-90FE-57BDD7C8AF61}.Debug|Any CPU.ActiveCfg = Debug|Any CPU
		{D6ED3451-B373-451F-90FE-57BDD7C8AF61}.Debug|Any CPU.Build.0 = Debug|Any CPU
		{D6ED3451-B373-451F-90FE-57BDD7C8AF61}.Release|Any CPU.ActiveCfg = Release|Any CPU
		{D6ED3451-B373-451F-90FE-57BDD7C8AF61}.Release|Any CPU.Build.0 = Release|Any CPU
	EndGlobalSection
	GlobalSection(SolutionProperties) = preSolution
		HideSolutionNode = FALSE
	EndGlobalSection
EndGlobal
